
Microsoft Visual Studio Solution File, Format Version 12.00
# Visual Studio 15
VisualStudioVersion = 15.0.26124.0
MinimumVisualStudioVersion = 15.0.26124.0
Project("{FAE04EC0-301F-11D3-BF4B-00C04F79EFBC}") = "JaguaMaravichu.Core", "JaguaMaravichu.Core\JaguaMaravichu.Core.csproj", "{64726D68-36A5-49DE-8A66-D753E981DA31}"
EndProject
Project("{FAE04EC0-301F-11D3-BF4B-00C04F79EFBC}") = "JaguaMaravichu.Core.Tests", "JaguaMaravichu.Core.Tests\JaguaMaravichu.Core.Tests.csproj", "{18A59623-3B7D-4400-ADD0-A3FAD364A56B}"
EndProject
Global
	GlobalSection(SolutionConfigurationPlatforms) = preSolution
		Debug|Any CPU = Debug|Any CPU
		Debug|x64 = Debug|x64
		Debug|x86 = Debug|x86
		Release|Any CPU = Release|Any CPU
		Release|x64 = Release|x64
		Release|x86 = Release|x86
	EndGlobalSection
	GlobalSection(SolutionProperties) = preSolution
		HideSolutionNode = FALSE
	EndGlobalSection
	GlobalSection(ProjectConfigurationPlatforms) = postSolution
		{64726D68-36A5-49DE-8A66-D753E981DA31}.Debug|Any CPU.ActiveCfg = Debug|Any CPU
		{64726D68-36A5-49DE-8A66-D753E981DA31}.Debug|Any CPU.Build.0 = Debug|Any CPU
		{64726D68-36A5-49DE-8A66-D753E981DA31}.Debug|x64.ActiveCfg = Debug|Any CPU
		{64726D68-36A5-49DE-8A66-D753E981DA31}.Debug|x64.Build.0 = Debug|Any CPU
		{64726D68-36A5-49DE-8A66-D753E981DA31}.Debug|x86.ActiveCfg = Debug|Any CPU
		{64726D68-36A5-49DE-8A66-D753E981DA31}.Debug|x86.Build.0 = Debug|Any CPU
		{64726D68-36A5-49DE-8A66-D753E981DA31}.Release|Any CPU.ActiveCfg = Release|Any CPU
		{64726D68-36A5-49DE-8A66-D753E981DA31}.Release|Any CPU.Build.0 = Release|Any CPU
		{64726D68-36A5-49DE-8A66-D753E981DA31}.Release|x64.ActiveCfg = Release|Any CPU
		{64726D68-36A5-49DE-8A66-D753E981DA31}.Release|x64.Build.0 = Release|Any CPU
		{64726D68-36A5-49DE-8A66-D753E981DA31}.Release|x86.ActiveCfg = Release|Any CPU
		{64726D68-36A5-49DE-8A66-D753E981DA31}.Release|x86.Build.0 = Release|Any CPU
		{18A59623-3B7D-4400-ADD0-A3FAD364A56B}.Debug|Any CPU.ActiveCfg = Debug|Any CPU
		{18A59623-3B7D-4400-ADD0-A3FAD364A56B}.Debug|Any CPU.Build.0 = Debug|Any CPU
		{18A59623-3B7D-4400-ADD0-A3FAD364A56B}.Debug|x64.ActiveCfg = Debug|Any CPU
		{18A59623-3B7D-4400-ADD0-A3FAD364A56B}.Debug|x64.Build.0 = Debug|Any CPU
		{18A59623-3B7D-4400-ADD0-A3FAD364A56B}.Debug|x86.ActiveCfg = Debug|Any CPU
		{18A59623-3B7D-4400-ADD0-A3FAD364A56B}.Debug|x86.Build.0 = Debug|Any CPU
		{18A59623-3B7D-4400-ADD0-A3FAD364A56B}.Release|Any CPU.ActiveCfg = Release|Any CPU
		{18A59623-3B7D-4400-ADD0-A3FAD364A56B}.Release|Any CPU.Build.0 = Release|Any CPU
		{18A59623-3B7D-4400-ADD0-A3FAD364A56B}.Release|x64.ActiveCfg = Release|Any CPU
		{18A59623-3B7D-4400-ADD0-A3FAD364A56B}.Release|x64.Build.0 = Release|Any CPU
		{18A59623-3B7D-4400-ADD0-A3FAD364A56B}.Release|x86.ActiveCfg = Release|Any CPU
		{18A59623-3B7D-4400-ADD0-A3FAD364A56B}.Release|x86.Build.0 = Release|Any CPU
	EndGlobalSection
EndGlobal
